{
  "name": "@colonymining/gpu-agent",
  "version": "0.0.1",
  "lockfileVersion": 2,
  "requires": true,
  "packages": {
    "": {
      "name": "@colonymining/gpu-agent",
      "version": "0.0.1",
      "license": "Apache-2.0",
      "dependencies": {
        "2table": "^0.2.4",
        "aux4": "^3.0.2",
        "colors": "^1.4.0",
        "moment": "^2.29.1",
        "uuid": "^8.3.2"
      },
      "bin": {
        "gpu-agent": "lib/Agent.js"
      }
    },
    "node_modules/2table": {
      "version": "0.2.4",
      "resolved": "https://registry.npmjs.org/2table/-/2table-0.2.4.tgz",
      "integrity": "sha512-+mYwJR9iqgYFGnYVfrLcOq1gAoLAxdu70vNQ7Ul5Zkm1maHlmAb5oBE4ltedGumSE9h8HCDip8XW6/RfctAL+Q==",
      "dependencies": {
        "colors": "^1.4.0"
      },
      "bin": {
        "2table": "executable.js"
      }
    },
    "node_modules/ansi-regex": {
      "version": "4.1.0",
      "resolved": "https://registry.npmjs.org/ansi-regex/-/ansi-regex-4.1.0.tgz",
      "integrity": "sha512-1apePfXM1UOSqw0o9IiFAovVz9M5S1Dg+4TrDwfMewQ6p/rmMueb7tWZjQ1rx4Loy1ArBggoqGpfqqdI4rondg==",
      "engines": {
        "node": ">=6"
      }
    },
    "node_modules/aux4": {
      "version": "3.0.2",
      "resolved": "https://registry.npmjs.org/aux4/-/aux4-3.0.2.tgz",
      "integrity": "sha512-xQE2/M1a4KWcDCR9Ja4wQcEv+9v+SxY/JmKi1XOKEflxrqHa5Eg5o5+hN+E2r315Up9kG9KZMX8ObUw2bw02XQ==",
      "dependencies": {
        "colors": "^1.4.0",
        "cryptr": "^6.0.2",
        "prompt-sync": "^4.2.0"
      },
      "bin": {
        "aux4": "executable.js"
      },
      "funding": {
        "url": "https://aux4.io/donate"
      }
    },
    "node_modules/colors": {
      "version": "1.4.0",
      "resolved": "https://registry.npmjs.org/colors/-/colors-1.4.0.tgz",
      "integrity": "sha512-a+UqTh4kgZg/SlGvfbzDHpgRu7AAQOmmqRHJnxhRZICKFUT91brVhNNt58CMWU9PsBbv3PDCZUHbVxuDiH2mtA==",
      "engines": {
        "node": ">=0.1.90"
      }
    },
    "node_modules/cryptr": {
      "version": "6.0.2",
      "resolved": "https://registry.npmjs.org/cryptr/-/cryptr-6.0.2.tgz",
      "integrity": "sha512-1TRHI4bmuLIB8WgkH9eeYXzhEg1T4tonO4vVaMBKKde8Dre51J68nAgTVXTwMYXAf7+mV2gBCkm/9wksjSb2sA=="
    },
    "node_modules/moment": {
      "version": "2.29.1",
      "resolved": "https://registry.npmjs.org/moment/-/moment-2.29.1.tgz",
      "integrity": "sha512-kHmoybcPV8Sqy59DwNDY3Jefr64lK/by/da0ViFcuA4DH0vQg5Q6Ze5VimxkfQNSC+Mls/Kx53s7TjP1RhFEDQ==",
      "engines": {
        "node": "*"
      }
    },
    "node_modules/prompt-sync": {
      "version": "4.2.0",
      "resolved": "https://registry.npmjs.org/prompt-sync/-/prompt-sync-4.2.0.tgz",
      "integrity": "sha512-BuEzzc5zptP5LsgV5MZETjDaKSWfchl5U9Luiu8SKp7iZWD5tZalOxvNcZRwv+d2phNFr8xlbxmFNcRKfJOzJw==",
      "dependencies": {
        "strip-ansi": "^5.0.0"
      }
    },
    "node_modules/strip-ansi": {
      "version": "5.2.0",
      "resolved": "https://registry.npmjs.org/strip-ansi/-/strip-ansi-5.2.0.tgz",
      "integrity": "sha512-DuRs1gKbBqsMKIZlrffwlug8MHkcnpjs5VPmL1PAh+mA30U0DTotfDZ0d2UUsXpPmPmMMJ6W773MaA3J+lbiWA==",
      "dependencies": {
        "ansi-regex": "^4.1.0"
      },
      "engines": {
        "node": ">=6"
      }
    },
    "node_modules/uuid": {
      "version": "8.3.2",
      "resolved": "https://registry.npmjs.org/uuid/-/uuid-8.3.2.tgz",
      "integrity": "sha512-+NYs2QeMWy+GWFOEm9xnn6HCDp0l7QBD7ml8zLUmJ+93Q5NF0NocErnwkTkXVFNiX3/fpC6afS8Dhb/gz7R7eg==",
      "bin": {
        "uuid": "dist/bin/uuid"
      }
    }
  },
  "dependencies": {
    "2table": {
      "version": "0.2.4",
      "resolved": "https://registry.npmjs.org/2table/-/2table-0.2.4.tgz",
      "integrity": "sha512-+mYwJR9iqgYFGnYVfrLcOq1gAoLAxdu70vNQ7Ul5Zkm1maHlmAb5oBE4ltedGumSE9h8HCDip8XW6/RfctAL+Q==",
      "requires": {
        "colors": "^1.4.0"
      }
    },
    "ansi-regex": {
      "version": "4.1.0",
      "resolved": "https://registry.npmjs.org/ansi-regex/-/ansi-regex-4.1.0.tgz",
      "integrity": "sha512-1apePfXM1UOSqw0o9IiFAovVz9M5S1Dg+4TrDwfMewQ6p/rmMueb7tWZjQ1rx4Loy1ArBggoqGpfqqdI4rondg=="
    },
    "aux4": {
      "version": "3.0.2",
      "resolved": "https://registry.npmjs.org/aux4/-/aux4-3.0.2.tgz",
      "integrity": "sha512-xQE2/M1a4KWcDCR9Ja4wQcEv+9v+SxY/JmKi1XOKEflxrqHa5Eg5o5+hN+E2r315Up9kG9KZMX8ObUw2bw02XQ==",
      "requires": {
        "colors": "^1.4.0",
        "cryptr": "^6.0.2",
        "prompt-sync": "^4.2.0"
      }
    },
    "colors": {
      "version": "1.4.0",
      "resolved": "https://registry.npmjs.org/colors/-/colors-1.4.0.tgz",
      "integrity": "sha512-a+UqTh4kgZg/SlGvfbzDHpgRu7AAQOmmqRHJnxhRZICKFUT91brVhNNt58CMWU9PsBbv3PDCZUHbVxuDiH2mtA=="
    },
    "cryptr": {
      "version": "6.0.2",
      "resolved": "https://registry.npmjs.org/cryptr/-/cryptr-6.0.2.tgz",
      "integrity": "sha512-1TRHI4bmuLIB8WgkH9eeYXzhEg1T4tonO4vVaMBKKde8Dre51J68nAgTVXTwMYXAf7+mV2gBCkm/9wksjSb2sA=="
    },
    "moment": {
      "version": "2.29.1",
      "resolved": "https://registry.npmjs.org/moment/-/moment-2.29.1.tgz",
      "integrity": "sha512-kHmoybcPV8Sqy59DwNDY3Jefr64lK/by/da0ViFcuA4DH0vQg5Q6Ze5VimxkfQNSC+Mls/Kx53s7TjP1RhFEDQ=="
    },
    "prompt-sync": {
      "version": "4.2.0",
      "resolved": "https://registry.npmjs.org/prompt-sync/-/prompt-sync-4.2.0.tgz",
      "integrity": "sha512-BuEzzc5zptP5LsgV5MZETjDaKSWfchl5U9Luiu8SKp7iZWD5tZalOxvNcZRwv+d2phNFr8xlbxmFNcRKfJOzJw==",
      "requires": {
        "strip-ansi": "^5.0.0"
      }
    },
    "strip-ansi": {
      "version": "5.2.0",
      "resolved": "https://registry.npmjs.org/strip-ansi/-/strip-ansi-5.2.0.tgz",
      "integrity": "sha512-DuRs1gKbBqsMKIZlrffwlug8MHkcnpjs5VPmL1PAh+mA30U0DTotfDZ0d2UUsXpPmPmMMJ6W773MaA3J+lbiWA==",
      "requires": {
        "ansi-regex": "^4.1.0"
      }
    },
    "uuid": {
      "version": "8.3.2",
      "resolved": "https://registry.npmjs.org/uuid/-/uuid-8.3.2.tgz",
      "integrity": "sha512-+NYs2QeMWy+GWFOEm9xnn6HCDp0l7QBD7ml8zLUmJ+93Q5NF0NocErnwkTkXVFNiX3/fpC6afS8Dhb/gz7R7eg=="
    }
  }
}
