{
  "name": "@colonymining/gpu-agent",
  "version": "0.0.1",
  "lockfileVersion": 2,
  "requires": true,
  "packages": {
    "": {
      "name": "@colonymining/gpu-agent",
      "version": "0.0.1",
      "license": "Apache-2.0",
      "dependencies": {
        "@aux4/engine": "^1.0.16",
        "2table": "^0.2.9",
        "colors": "^1.4.0",
        "moment": "^2.29.4"
      },
      "bin": {
        "gpu-agent": "lib/Agent.js"
      }
    },
    "node_modules/@aux4/engine": {
      "version": "1.0.16",
      "resolved": "https://registry.npmjs.org/@aux4/engine/-/engine-1.0.16.tgz",
      "integrity": "sha512-Azlv0LThkC4o+57iW3YPaP2iaxt/BmfWbURQGVxjcKwI+aoEJaSwqLM91IR3m4+W3H9M2mg+umWEr6hFHZYAgQ==",
      "dependencies": {
        "cli-select-2": "^2.0.0",
        "colors": "^1.4.0"
      },
      "funding": {
        "url": "https://aux4.io/donate"
      }
    },
    "node_modules/2table": {
      "version": "0.2.9",
      "resolved": "https://registry.npmjs.org/2table/-/2table-0.2.9.tgz",
      "integrity": "sha512-OZ3qkpYskLhjgV+6XBfBSuEMwa4rIGgD7m5OU27u/UdeACqi/CftJDQp1FrnaTLJnshyKjZnxdA4iCXe2HGY+g==",
      "dependencies": {
        "colors": "^1.4.0",
        "moment": "^2.29.3"
      },
      "bin": {
        "2table": "executable.js"
      }
    },
    "node_modules/ansi-escapes": {
      "version": "3.2.0",
      "resolved": "https://registry.npmjs.org/ansi-escapes/-/ansi-escapes-3.2.0.tgz",
      "integrity": "sha512-cBhpre4ma+U0T1oM5fXg7Dy1Jw7zzwv7lt/GoCpr+hDQJoYnKVPLL4dCvSEFMmQurOQvSrwT7SL/DAlhBI97RQ==",
      "engines": {
        "node": ">=4"
      }
    },
    "node_modules/cli-select-2": {
      "version": "2.0.0",
      "resolved": "https://registry.npmjs.org/cli-select-2/-/cli-select-2-2.0.0.tgz",
      "integrity": "sha512-VFPpihAgfj/lrljBPXPnzXRuPNguzEfbNjOsFeooeAs1RUc73z9ivb8XzGVT9IOHbcbajqR9sZo9Ba5sAG3lPg==",
      "dependencies": {
        "ansi-escapes": "^3.2.0"
      }
    },
    "node_modules/colors": {
      "version": "1.4.0",
      "resolved": "https://registry.npmjs.org/colors/-/colors-1.4.0.tgz",
      "integrity": "sha512-a+UqTh4kgZg/SlGvfbzDHpgRu7AAQOmmqRHJnxhRZICKFUT91brVhNNt58CMWU9PsBbv3PDCZUHbVxuDiH2mtA==",
      "engines": {
        "node": ">=0.1.90"
      }
    },
    "node_modules/moment": {
      "version": "2.29.4",
      "resolved": "https://registry.npmjs.org/moment/-/moment-2.29.4.tgz",
      "integrity": "sha512-5LC9SOxjSc2HF6vO2CyuTDNivEdoz2IvyJJGj6X8DJ0eFyfszE0QiEd+iXmBvUP3WHxSjFH/vIsA0EN00cgr8w==",
      "engines": {
        "node": "*"
      }
    }
  },
  "dependencies": {
    "@aux4/engine": {
      "version": "1.0.16",
      "resolved": "https://registry.npmjs.org/@aux4/engine/-/engine-1.0.16.tgz",
      "integrity": "sha512-Azlv0LThkC4o+57iW3YPaP2iaxt/BmfWbURQGVxjcKwI+aoEJaSwqLM91IR3m4+W3H9M2mg+umWEr6hFHZYAgQ==",
      "requires": {
        "cli-select-2": "^2.0.0",
        "colors": "^1.4.0"
      }
    },
    "2table": {
      "version": "0.2.9",
      "resolved": "https://registry.npmjs.org/2table/-/2table-0.2.9.tgz",
      "integrity": "sha512-OZ3qkpYskLhjgV+6XBfBSuEMwa4rIGgD7m5OU27u/UdeACqi/CftJDQp1FrnaTLJnshyKjZnxdA4iCXe2HGY+g==",
      "requires": {
        "colors": "^1.4.0",
        "moment": "^2.29.3"
      }
    },
    "ansi-escapes": {
      "version": "3.2.0",
      "resolved": "https://registry.npmjs.org/ansi-escapes/-/ansi-escapes-3.2.0.tgz",
      "integrity": "sha512-cBhpre4ma+U0T1oM5fXg7Dy1Jw7zzwv7lt/GoCpr+hDQJoYnKVPLL4dCvSEFMmQurOQvSrwT7SL/DAlhBI97RQ=="
    },
    "cli-select-2": {
      "version": "2.0.0",
      "resolved": "https://registry.npmjs.org/cli-select-2/-/cli-select-2-2.0.0.tgz",
      "integrity": "sha512-VFPpihAgfj/lrljBPXPnzXRuPNguzEfbNjOsFeooeAs1RUc73z9ivb8XzGVT9IOHbcbajqR9sZo9Ba5sAG3lPg==",
      "requires": {
        "ansi-escapes": "^3.2.0"
      }
    },
    "colors": {
      "version": "1.4.0",
      "resolved": "https://registry.npmjs.org/colors/-/colors-1.4.0.tgz",
      "integrity": "sha512-a+UqTh4kgZg/SlGvfbzDHpgRu7AAQOmmqRHJnxhRZICKFUT91brVhNNt58CMWU9PsBbv3PDCZUHbVxuDiH2mtA=="
    },
    "moment": {
      "version": "2.29.4",
      "resolved": "https://registry.npmjs.org/moment/-/moment-2.29.4.tgz",
      "integrity": "sha512-5LC9SOxjSc2HF6vO2CyuTDNivEdoz2IvyJJGj6X8DJ0eFyfszE0QiEd+iXmBvUP3WHxSjFH/vIsA0EN00cgr8w=="
    }
  }
}
